<?xml version="1.0" encoding="utf-8"?>
<Project ToolsVersion="4.0" xmlns="http://schemas.microsoft.com/developer/msbuild/2003">
  <ItemGroup>
    <Filter Include="소스 파일">
      <UniqueIdentifier>{4FC737F1-C7A5-4376-A066-2A32D752A2FF}</UniqueIdentifier>
      <Extensions>cpp;c;cc;cxx;c++;cppm;ixx;def;odl;idl;hpj;bat;asm;asmx</Extensions>
    </Filter>
    <Filter Include="헤더 파일">
      <UniqueIdentifier>{93995380-89BD-4b04-88EB-625FBE52EBFB}</UniqueIdentifier>
      <Extensions>h;hh;hpp;hxx;h++;hm;inl;inc;ipp;xsd</Extensions>
    </Filter>
    <Filter Include="리소스 파일">
      <UniqueIdentifier>{67DA6AB6-F800-4c08-8B7A-83BB121AAD01}</UniqueIdentifier>
      <Extensions>rc;ico;cur;bmp;dlg;rc2;rct;bin;rgs;gif;jpg;jpeg;jpe;resx;tiff;tif;png;wav;mfcribbon-ms</Extensions>
    </Filter>
    <Filter Include="소스 파일\1.Container">
      <UniqueIdentifier>{e79a3d07-32d6-4de4-ba8b-77bff3dad609}</UniqueIdentifier>
    </Filter>
    <Filter Include="소스 파일\2.Graph">
      <UniqueIdentifier>{ff766b08-6f65-4b13-a397-a1ee6cd3b448}</UniqueIdentifier>
    </Filter>
    <Filter Include="소스 파일\3.트리">
      <UniqueIdentifier>{4eaa496d-616c-44b3-bca8-a4cdc0332beb}</UniqueIdentifier>
    </Filter>
    <Filter Include="소스 파일\6.최소 스패닝 트리">
      <UniqueIdentifier>{5dd00588-8676-4cbd-8bae-cd81af7c7966}</UniqueIdentifier>
    </Filter>
    <Filter Include="소스 파일\4.정렬">
      <UniqueIdentifier>{7a6c557e-292c-4632-a3d7-2ffc0a0a5189}</UniqueIdentifier>
    </Filter>
    <Filter Include="소스 파일\5.해시">
      <UniqueIdentifier>{4b48d14c-575b-4b71-a6b8-f1a4d7b5ec28}</UniqueIdentifier>
    </Filter>
    <Filter Include="소스 파일\7.DP">
      <UniqueIdentifier>{d6d743cf-8538-4cfc-8447-6f5a6e67f3d3}</UniqueIdentifier>
    </Filter>
  </ItemGroup>
  <ItemGroup>
    <ClCompile Include="main.cpp">
      <Filter>소스 파일</Filter>
    </ClCompile>
    <ClCompile Include="1%29List.cpp">
      <Filter>소스 파일\1.Container</Filter>
    </ClCompile>
    <ClCompile Include="2%29Queue.cpp">
      <Filter>소스 파일\1.Container</Filter>
    </ClCompile>
    <ClCompile Include="3%29Stack.cpp">
      <Filter>소스 파일\1.Container</Filter>
    </ClCompile>
    <ClCompile Include="5%29Graph.cpp">
      <Filter>소스 파일\2.Graph</Filter>
    </ClCompile>
    <ClCompile Include="4%29Vector.cpp">
      <Filter>소스 파일\1.Container</Filter>
    </ClCompile>
    <ClCompile Include="6%29DFS.cpp">
      <Filter>소스 파일\2.Graph</Filter>
    </ClCompile>
    <ClCompile Include="7%29BFS.cpp">
      <Filter>소스 파일\2.Graph</Filter>
    </ClCompile>
    <ClCompile Include="8%29Dijkstra.cpp">
      <Filter>소스 파일\2.Graph</Filter>
    </ClCompile>
    <ClCompile Include="9%29Sort.cpp">
      <Filter>소스 파일\4.정렬</Filter>
    </ClCompile>
    <ClCompile Include="10%29HashTable.cpp">
      <Filter>소스 파일\5.해시</Filter>
    </ClCompile>
    <ClCompile Include="11%29DisjointSet.cpp">
      <Filter>소스 파일\6.최소 스패닝 트리</Filter>
    </ClCompile>
    <ClCompile Include="12%29Kruskal.cpp">
      <Filter>소스 파일\6.최소 스패닝 트리</Filter>
    </ClCompile>
    <ClCompile Include="14%29LIS.cpp">
      <Filter>소스 파일\7.DP</Filter>
    </ClCompile>
    <ClCompile Include="13%29DP.cpp">
      <Filter>소스 파일\7.DP</Filter>
    </ClCompile>
    <ClCompile Include="15)Triangle_path.cpp">
      <Filter>소스 파일\7.DP</Filter>
    </ClCompile>
    <ClCompile Include="17%29ENCHANT.cpp">
      <Filter>소스 파일\7.DP</Filter>
    </ClCompile>
    <ClCompile Include="16)Tic-Tae-Toe.cpp">
      <Filter>소스 파일\7.DP</Filter>
    </ClCompile>
  </ItemGroup>
</Project>